{
  "name": "ExtendSimASP_dev",
  "version": "1.0.0",
  "lockfileVersion": 1,
  "requires": true,
  "dependencies": {
    "winax": {
      "version": "1.0.17",
      "resolved": "https://registry.npmjs.org/winax/-/winax-1.0.17.tgz",
      "integrity": "sha512-wfhqwxmNCAb24VOE+lKaiHH0Mnvbd2qxio8Z3a2I2KpPuCsbIEoSN/ua3UcG2nY2n+GBHbOkrFlbGXTc/M/Zrw=="
    }
  }
}
